
Microsoft Visual Studio Solution File, Format Version 12.00
# Visual Studio Version 17
VisualStudioVersion = 17.13.35818.85 d17.13
MinimumVisualStudioVersion = 10.0.40219.1
Project("{FAE04EC0-301F-11D3-BF4B-00C04F79EFBC}") = "HangfireDemo", "HangfireDemo.csproj", "{777F3892-8D3B-4ACA-BA8A-AC91F3F33408}"
EndProject
Global
	GlobalSection(SolutionConfigurationPlatforms) = preSolution
		Debug|Any CPU = Debug|Any CPU
		Release|Any CPU = Release|Any CPU
	EndGlobalSection
	GlobalSection(ProjectConfigurationPlatforms) = postSolution
		{777F3892-8D3B-4ACA-BA8A-AC91F3F33408}.Debug|Any CPU.ActiveCfg = Debug|Any CPU
		{777F3892-8D3B-4ACA-BA8A-AC91F3F33408}.Debug|Any CPU.Build.0 = Debug|Any CPU
		{777F3892-8D3B-4ACA-BA8A-AC91F3F33408}.Release|Any CPU.ActiveCfg = Release|Any CPU
		{777F3892-8D3B-4ACA-BA8A-AC91F3F33408}.Release|Any CPU.Build.0 = Release|Any CPU
	EndGlobalSection
	GlobalSection(SolutionProperties) = preSolution
		HideSolutionNode = FALSE
	EndGlobalSection
	GlobalSection(ExtensibilityGlobals) = postSolution
		SolutionGuid = {A99657A5-828B-44C8-BE44-5F6BEAE07B13}
	EndGlobalSection
EndGlobal
